<?xml version="1.0" encoding="utf-8"?>
<Project ToolsVersion="4.0" xmlns="http://schemas.microsoft.com/developer/msbuild/2003">
  <ItemGroup>
    <Filter Include="リソース ファイル">
      <UniqueIdentifier>{67DA6AB6-F800-4c08-8B7A-83BB121AAD01}</UniqueIdentifier>
      <Extensions>rc;ico;cur;bmp;dlg;rc2;rct;bin;rgs;gif;jpg;jpeg;jpe;resx;tiff;tif;png;wav;mfcribbon-ms</Extensions>
    </Filter>
    <Filter Include="src">
      <UniqueIdentifier>{397c12e2-c0bb-4765-ad83-d9044a30fb6c}</UniqueIdentifier>
    </Filter>
    <Filter Include="src\widget">
      <UniqueIdentifier>{408dd41b-b7e4-4654-a765-15ddb82622eb}</UniqueIdentifier>
    </Filter>
    <Filter Include="src\drawing">
      <UniqueIdentifier>{0d02666c-d429-4245-bb23-1be7adb4b014}</UniqueIdentifier>
    </Filter>
    <Filter Include="src\window">
      <UniqueIdentifier>{b9ec7794-35b0-4fc5-b938-aede31a4a847}</UniqueIdentifier>
    </Filter>
    <Filter Include="src\app">
      <UniqueIdentifier>{5cb48e81-b0cc-4798-b86c-1053f4a10d1e}</UniqueIdentifier>
    </Filter>
    <Filter Include="src\baes">
      <UniqueIdentifier>{85e6955a-0c52-4820-9579-115f0fd24b0f}</UniqueIdentifier>
    </Filter>
  </ItemGroup>
  <ItemGroup>
    <ResourceCompile Include="luath.rc">
      <Filter>リソース ファイル</Filter>
    </ResourceCompile>
  </ItemGroup>
  <ItemGroup>
    <Image Include="small.ico">
      <Filter>リソース ファイル</Filter>
    </Image>
    <Image Include="luath.ico">
      <Filter>リソース ファイル</Filter>
    </Image>
  </ItemGroup>
  <ItemGroup>
    <ClInclude Include="Resource.h">
      <Filter>リソース ファイル</Filter>
    </ClInclude>
    <ClInclude Include="src\luath\widget\lissajous.hpp">
      <Filter>src\widget</Filter>
    </ClInclude>
    <ClInclude Include="src\luath\widget\oscilloscope.hpp">
      <Filter>src\widget</Filter>
    </ClInclude>
    <ClInclude Include="src\luath\widget\spectrum_analyzer.hpp">
      <Filter>src\widget</Filter>
    </ClInclude>
    <ClInclude Include="src\luath\drawing\font_loader.hpp">
      <Filter>src\drawing</Filter>
    </ClInclude>
    <ClInclude Include="src\luath\window\main_window.hpp">
      <Filter>src\window</Filter>
    </ClInclude>
    <ClInclude Include="src\luath\app\application.hpp">
      <Filter>src\app</Filter>
    </ClInclude>
    <ClInclude Include="src\luath\base\base.hpp">
      <Filter>src\baes</Filter>
    </ClInclude>
  </ItemGroup>
  <ItemGroup>
    <ClCompile Include="src\luath\main.cpp">
      <Filter>src</Filter>
    </ClCompile>
    <ClCompile Include="src\luath\widget\lissajous.cpp">
      <Filter>src\widget</Filter>
    </ClCompile>
    <ClCompile Include="src\luath\widget\oscilloscope.cpp">
      <Filter>src\widget</Filter>
    </ClCompile>
    <ClCompile Include="src\luath\widget\spectrum_analyzer.cpp">
      <Filter>src\widget</Filter>
    </ClCompile>
    <ClCompile Include="src\luath\drawing\font_loader.cpp">
      <Filter>src\drawing</Filter>
    </ClCompile>
    <ClCompile Include="src\luath\window\main_window.cpp">
      <Filter>src\window</Filter>
    </ClCompile>
    <ClCompile Include="src\luath\app\application.cpp">
      <Filter>src\app</Filter>
    </ClCompile>
    <ClCompile Include="src\luath\base\base.cpp">
      <Filter>src\baes</Filter>
    </ClCompile>
  </ItemGroup>
  <ItemGroup>
    <Manifest Include="src\luath\luath.exe.manifest">
      <Filter>リソース ファイル</Filter>
    </Manifest>
  </ItemGroup>
</Project>