<?xml version="1.0" encoding="utf-8"?>
<Project ToolsVersion="4.0" xmlns="http://schemas.microsoft.com/developer/msbuild/2003">
  <ItemGroup>
    <Filter Include="lsp.core">
      <UniqueIdentifier>{c554d386-1f13-47a1-bab2-96ae8ef5bb41}</UniqueIdentifier>
    </Filter>
    <Filter Include="lsp.effector">
      <UniqueIdentifier>{b77bb48f-03a5-475b-a9ff-5f95bff43399}</UniqueIdentifier>
    </Filter>
    <Filter Include="lsp.generator">
      <UniqueIdentifier>{81030f2a-ef77-4f76-b2b9-da48809613ea}</UniqueIdentifier>
    </Filter>
    <Filter Include="lsp.fft">
      <UniqueIdentifier>{63e719c9-2118-483e-9887-90466f106903}</UniqueIdentifier>
    </Filter>
    <Filter Include="lsp.threading">
      <UniqueIdentifier>{6b135c66-3d9e-4fe7-97bf-f94711c5d555}</UniqueIdentifier>
    </Filter>
  </ItemGroup>
  <ItemGroup>
    <ClCompile Include="src\lsp.core\_core.ixx">
      <Filter>lsp.core</Filter>
    </ClCompile>
    <ClCompile Include="src\lsp.core\base.cpp">
      <Filter>lsp.core</Filter>
    </ClCompile>
    <ClCompile Include="src\lsp.core\id.ixx">
      <Filter>lsp.core</Filter>
    </ClCompile>
    <ClCompile Include="src\lsp.core\math.ixx">
      <Filter>lsp.core</Filter>
    </ClCompile>
    <ClCompile Include="src\lsp.core\sample.ixx">
      <Filter>lsp.core</Filter>
    </ClCompile>
    <ClCompile Include="src\lsp.core\signal.ixx">
      <Filter>lsp.core</Filter>
    </ClCompile>
    <ClCompile Include="src\lsp.core\logging.ixx">
      <Filter>lsp.core</Filter>
    </ClCompile>
    <ClCompile Include="src\lsp.core\logging.cpp">
      <Filter>lsp.core</Filter>
    </ClCompile>
    <ClCompile Include="src\lsp.effector\_effector.ixx">
      <Filter>lsp.effector</Filter>
    </ClCompile>
    <ClCompile Include="src\lsp.effector\biquadratic_filter.ixx">
      <Filter>lsp.effector</Filter>
    </ClCompile>
    <ClCompile Include="src\lsp.effector\envelope_generator.ixx">
      <Filter>lsp.effector</Filter>
    </ClCompile>
    <ClCompile Include="src\lsp.generator\wave_table_generator.ixx">
      <Filter>lsp.generator</Filter>
    </ClCompile>
    <ClCompile Include="src\lsp.generator\function_generator.ixx">
      <Filter>lsp.generator</Filter>
    </ClCompile>
    <ClCompile Include="src\lsp.generator\_generator.ixx">
      <Filter>lsp.generator</Filter>
    </ClCompile>
    <ClCompile Include="src\lsp.core\base.ixx">
      <Filter>lsp.core</Filter>
    </ClCompile>
    <ClCompile Include="src\lsp.fft\fft.ixx">
      <Filter>lsp.fft</Filter>
    </ClCompile>
    <ClCompile Include="src\lsp.threading\thread_priority.ixx">
      <Filter>lsp.threading</Filter>
    </ClCompile>
    <ClCompile Include="src\lsp.threading\thread_priority.cpp">
      <Filter>lsp.threading</Filter>
    </ClCompile>
  </ItemGroup>
</Project>