<?xml version="1.0" encoding="utf-8"?>
<Project ToolsVersion="4.0" xmlns="http://schemas.microsoft.com/developer/msbuild/2003">
  <ItemGroup>
    <Filter Include="src">
      <UniqueIdentifier>{767b9985-af8f-4324-aaa1-7c2ea6fb1570}</UniqueIdentifier>
    </Filter>
    <Filter Include="src\base">
      <UniqueIdentifier>{38ee0775-ff92-4075-b744-b8b7ba60251e}</UniqueIdentifier>
    </Filter>
    <Filter Include="src\generator">
      <UniqueIdentifier>{b90f96ae-bd17-4df3-9c00-d8caab16ff6f}</UniqueIdentifier>
    </Filter>
    <Filter Include="src\effector">
      <UniqueIdentifier>{0cec2f5a-4f4b-4b4f-a18c-b7b2251d69c0}</UniqueIdentifier>
    </Filter>
    <Filter Include="src\io">
      <UniqueIdentifier>{b3267d9a-8b2b-449a-bbfa-926e5871b127}</UniqueIdentifier>
    </Filter>
    <Filter Include="src\midi">
      <UniqueIdentifier>{3d362a03-2f93-48a2-8890-724fd0887c24}</UniqueIdentifier>
    </Filter>
    <Filter Include="src\midi\smf">
      <UniqueIdentifier>{cad59346-12cf-428f-899b-d3b1a5e90845}</UniqueIdentifier>
    </Filter>
    <Filter Include="src\midi\synth">
      <UniqueIdentifier>{e0303cb6-2742-4a66-9027-57eb16541232}</UniqueIdentifier>
    </Filter>
    <Filter Include="src\midi\messages">
      <UniqueIdentifier>{78efccb7-584b-4e36-87f9-8460a7b40517}</UniqueIdentifier>
    </Filter>
    <Filter Include="src\util">
      <UniqueIdentifier>{17ade8dc-bb1f-4d32-95eb-96dd4f34e2d9}</UniqueIdentifier>
    </Filter>
  </ItemGroup>
  <ItemGroup>
    <ClCompile Include="src\lsp\base\base.cpp">
      <Filter>src\base</Filter>
    </ClCompile>
    <ClCompile Include="src\lsp\base\logging.cpp">
      <Filter>src\base</Filter>
    </ClCompile>
    <ClCompile Include="src\lsp\io\wasapi_output.cpp">
      <Filter>src\io</Filter>
    </ClCompile>
    <ClCompile Include="src\lsp\io\wav_file_output.cpp">
      <Filter>src\io</Filter>
    </ClCompile>
    <ClCompile Include="src\lsp\midi\smf\parser.cpp">
      <Filter>src\midi\smf</Filter>
    </ClCompile>
    <ClCompile Include="src\lsp\midi\smf\sequencer.cpp">
      <Filter>src\midi\smf</Filter>
    </ClCompile>
    <ClCompile Include="src\lsp\midi\synth\midi_channel.cpp">
      <Filter>src\midi\synth</Filter>
    </ClCompile>
    <ClCompile Include="src\lsp\midi\synth\midi_channel_drum.cpp">
      <Filter>src\midi\synth</Filter>
    </ClCompile>
    <ClCompile Include="src\lsp\midi\synth\midi_channel_melody.cpp">
      <Filter>src\midi\synth</Filter>
    </ClCompile>
    <ClCompile Include="src\lsp\midi\synth\synthesizer.cpp">
      <Filter>src\midi\synth</Filter>
    </ClCompile>
    <ClCompile Include="src\lsp\midi\synth\voice.cpp">
      <Filter>src\midi\synth</Filter>
    </ClCompile>
    <ClCompile Include="src\lsp\midi\synth\wave_table.cpp">
      <Filter>src\midi\synth</Filter>
    </ClCompile>
    <ClCompile Include="src\lsp\util\thread_priority.cpp">
      <Filter>src\util</Filter>
    </ClCompile>
    <ClCompile Include="src\lsp\static_test.cpp">
      <Filter>src</Filter>
    </ClCompile>
  </ItemGroup>
  <ItemGroup>
    <ClInclude Include="src\lsp\base\base.hpp">
      <Filter>src\base</Filter>
    </ClInclude>
    <ClInclude Include="src\lsp\base\id.hpp">
      <Filter>src\base</Filter>
    </ClInclude>
    <ClInclude Include="src\lsp\base\logging.hpp">
      <Filter>src\base</Filter>
    </ClInclude>
    <ClInclude Include="src\lsp\base\math.hpp">
      <Filter>src\base</Filter>
    </ClInclude>
    <ClInclude Include="src\lsp\base\sample.hpp">
      <Filter>src\base</Filter>
    </ClInclude>
    <ClInclude Include="src\lsp\base\signal.hpp">
      <Filter>src\base</Filter>
    </ClInclude>
    <ClInclude Include="src\lsp\generator\function_generator.hpp">
      <Filter>src\generator</Filter>
    </ClInclude>
    <ClInclude Include="src\lsp\generator\wave_table_generator.hpp">
      <Filter>src\generator</Filter>
    </ClInclude>
    <ClInclude Include="src\lsp\effector\biquadratic_filter.hpp">
      <Filter>src\effector</Filter>
    </ClInclude>
    <ClInclude Include="src\lsp\effector\envelope_generator.hpp">
      <Filter>src\effector</Filter>
    </ClInclude>
    <ClInclude Include="src\lsp\io\wasapi_output.hpp">
      <Filter>src\io</Filter>
    </ClInclude>
    <ClInclude Include="src\lsp\io\wav_file_output.hpp">
      <Filter>src\io</Filter>
    </ClInclude>
    <ClInclude Include="src\lsp\midi\message.hpp">
      <Filter>src\midi</Filter>
    </ClInclude>
    <ClInclude Include="src\lsp\midi\message_receiver.hpp">
      <Filter>src\midi</Filter>
    </ClInclude>
    <ClInclude Include="src\lsp\midi\messages\basic_message.hpp">
      <Filter>src\midi\messages</Filter>
    </ClInclude>
    <ClInclude Include="src\lsp\midi\messages\extra_message.hpp">
      <Filter>src\midi\messages</Filter>
    </ClInclude>
    <ClInclude Include="src\lsp\midi\messages\meta_events.hpp">
      <Filter>src\midi\messages</Filter>
    </ClInclude>
    <ClInclude Include="src\lsp\midi\messages\sysex_message.hpp">
      <Filter>src\midi\messages</Filter>
    </ClInclude>
    <ClInclude Include="src\lsp\midi\smf\parser.hpp">
      <Filter>src\midi\smf</Filter>
    </ClInclude>
    <ClInclude Include="src\lsp\midi\smf\sequencer.hpp">
      <Filter>src\midi\smf</Filter>
    </ClInclude>
    <ClInclude Include="src\lsp\midi\synth\midi_channel.hpp">
      <Filter>src\midi\synth</Filter>
    </ClInclude>
    <ClInclude Include="src\lsp\midi\synth\synthesizer.hpp">
      <Filter>src\midi\synth</Filter>
    </ClInclude>
    <ClInclude Include="src\lsp\midi\synth\voice.hpp">
      <Filter>src\midi\synth</Filter>
    </ClInclude>
    <ClInclude Include="src\lsp\midi\synth\wave_table.hpp">
      <Filter>src\midi\synth</Filter>
    </ClInclude>
    <ClInclude Include="src\lsp\util\fft.hpp">
      <Filter>src\util</Filter>
    </ClInclude>
    <ClInclude Include="src\lsp\util\thread_priority.hpp">
      <Filter>src\util</Filter>
    </ClInclude>
  </ItemGroup>
</Project>